
Microsoft Visual Studio Solution File, Format Version 12.00
# Visual Studio Version 16
VisualStudioVersion = 16.0.35706.149
MinimumVisualStudioVersion = 10.0.40219.1
Project("{FAE04EC0-301F-11D3-BF4B-00C04F79EFBC}") = "que1", "que1\que1.csproj", "{B9C7DDB7-15BF-4CF9-846B-9AF140A1B431}"
EndProject
Global
	GlobalSection(SolutionConfigurationPlatforms) = preSolution
		Debug|Any CPU = Debug|Any CPU
		Release|Any CPU = Release|Any CPU
	EndGlobalSection
	GlobalSection(ProjectConfigurationPlatforms) = postSolution
		{B9C7DDB7-15BF-4CF9-846B-9AF140A1B431}.Debug|Any CPU.ActiveCfg = Debug|Any CPU
		{B9C7DDB7-15BF-4CF9-846B-9AF140A1B431}.Debug|Any CPU.Build.0 = Debug|Any CPU
		{B9C7DDB7-15BF-4CF9-846B-9AF140A1B431}.Release|Any CPU.ActiveCfg = Release|Any CPU
		{B9C7DDB7-15BF-4CF9-846B-9AF140A1B431}.Release|Any CPU.Build.0 = Release|Any CPU
	EndGlobalSection
	GlobalSection(SolutionProperties) = preSolution
		HideSolutionNode = FALSE
	EndGlobalSection
	GlobalSection(ExtensibilityGlobals) = postSolution
		SolutionGuid = {E214D37A-D257-4D4F-B146-C290C27B6F3F}
	EndGlobalSection
EndGlobal
