
Microsoft Visual Studio Solution File, Format Version 12.00
# Visual Studio Version 16
VisualStudioVersion = 16.0.35706.149
MinimumVisualStudioVersion = 10.0.40219.1
Project("{FAE04EC0-301F-11D3-BF4B-00C04F79EFBC}") = "Update_connectivity", "Update_connectivity\Update_connectivity.csproj", "{E1FB86E1-DA51-443D-B26F-56DD0D886F08}"
EndProject
Global
	GlobalSection(SolutionConfigurationPlatforms) = preSolution
		Debug|Any CPU = Debug|Any CPU
		Release|Any CPU = Release|Any CPU
	EndGlobalSection
	GlobalSection(ProjectConfigurationPlatforms) = postSolution
		{E1FB86E1-DA51-443D-B26F-56DD0D886F08}.Debug|Any CPU.ActiveCfg = Debug|Any CPU
		{E1FB86E1-DA51-443D-B26F-56DD0D886F08}.Debug|Any CPU.Build.0 = Debug|Any CPU
		{E1FB86E1-DA51-443D-B26F-56DD0D886F08}.Release|Any CPU.ActiveCfg = Release|Any CPU
		{E1FB86E1-DA51-443D-B26F-56DD0D886F08}.Release|Any CPU.Build.0 = Release|Any CPU
	EndGlobalSection
	GlobalSection(SolutionProperties) = preSolution
		HideSolutionNode = FALSE
	EndGlobalSection
	GlobalSection(ExtensibilityGlobals) = postSolution
		SolutionGuid = {224EA426-AD48-42A8-A919-CACF746D7583}
	EndGlobalSection
EndGlobal
